
Microsoft Visual Studio Solution File, Format Version 12.00
# Visual Studio Version 17
VisualStudioVersion = 17.5.33516.290
MinimumVisualStudioVersion = 10.0.40219.1
Project("{FAE04EC0-301F-11D3-BF4B-00C04F79EFBC}") = "WebBanHangOnline", "WebBanHangOnline\WebBanHangOnline.csproj", "{934F67EF-55C1-49B3-947E-0C49C952CE63}"
EndProject
Global
	GlobalSection(SolutionConfigurationPlatforms) = preSolution
		Debug|Any CPU = Debug|Any CPU
		Default|Any CPU = Default|Any CPU
		Release|Any CPU = Release|Any CPU
	EndGlobalSection
	GlobalSection(ProjectConfigurationPlatforms) = postSolution
		{934F67EF-55C1-49B3-947E-0C49C952CE63}.Debug|Any CPU.ActiveCfg = Debug|Any CPU
		{934F67EF-55C1-49B3-947E-0C49C952CE63}.Debug|Any CPU.Build.0 = Debug|Any CPU
		{934F67EF-55C1-49B3-947E-0C49C952CE63}.Default|Any CPU.ActiveCfg = Debug|Any CPU
		{934F67EF-55C1-49B3-947E-0C49C952CE63}.Release|Any CPU.ActiveCfg = Release|Any CPU
		{934F67EF-55C1-49B3-947E-0C49C952CE63}.Release|Any CPU.Build.0 = Release|Any CPU
	EndGlobalSection
	GlobalSection(SolutionProperties) = preSolution
		HideSolutionNode = FALSE
	EndGlobalSection
	GlobalSection(ExtensibilityGlobals) = postSolution
		SolutionGuid = {91FD1B10-DE86-4050-AB41-9515E42D173C}
	EndGlobalSection
EndGlobal
